{
  "version": 4,
  "terraform_version": "1.3.2",
  "serial": 107,
  "lineage": "1ad4ffbb-db6c-670f-7f4c-f321e393a687",
  "outputs": {
    "resource_group_name": {
      "value": "",
      "type": "string"
    }
  },
  "resources": [
    {
      "mode": "managed",
      "type": "azurerm_recovery_services_vault",
      "name": "vault",
      "provider": "provider[\"registry.terraform.io/hashicorp/azurerm\"]",
      "instances": [
        {
          "schema_version": 0,
          "attributes": {
            "cross_region_restore_enabled": false,
            "encryption": [],
            "id": "/subscriptions/e214bc97-a738-4d9b-9671-8444a7e1a720/resourceGroups/Spoke-ASR/providers/Microsoft.RecoveryServices/vaults/RSV-UKW-DR",
            "identity": [],
            "location": "ukwest",
            "name": "RSV-UKW-DR",
            "resource_group_name": "Spoke-ASR",
            "sku": "Standard",
            "soft_delete_enabled": false,
            "storage_mode_type": "GeoRedundant",
            "tags": null,
            "timeouts": null
          },
          "sensitive_attributes": [],
          "private": "eyJlMmJmYjczMC1lY2FhLTExZTYtOGY4OC0zNDM2M2JjN2M0YzAiOnsiY3JlYXRlIjoxODAwMDAwMDAwMDAwLCJkZWxldGUiOjE4MDAwMDAwMDAwMDAsInJlYWQiOjMwMDAwMDAwMDAwMCwidXBkYXRlIjoxODAwMDAwMDAwMDAwfX0="
        }
      ]
    },
    {
      "mode": "managed",
      "type": "azurerm_resource_group_policy_assignment",
      "name": "allvms",
      "provider": "provider[\"registry.terraform.io/hashicorp/azurerm\"]",
      "instances": [
        {
          "schema_version": 0,
          "attributes": {
            "description": "Virtual machines without disaster recovery configurations are vulnerable to outages and other disruptions. If the virtual machine does not already have disaster recovery configured, this would initiate the same by enabling replication using preset configurations to facilitate business continuity.  You can optionally include/exclude virtual machines containing a specified tag to control the scope of assignment. To learn more about disaster recovery, visit https://aka.ms/asr-doc.",
            "display_name": "Configure ASR for all VMs in the scope",
            "enforce": true,
            "id": "/subscriptions/e214bc97-a738-4d9b-9671-8444a7e1a720/resourceGroups/Spoke/providers/Microsoft.Authorization/policyAssignments/all-vm-asr",
            "identity": [
              {
                "identity_ids": null,
                "principal_id": "f2b4fc00-ca9d-46d3-aea9-3647ea974b96",
                "tenant_id": "87f8dbf6-2fd6-4cd9-9f2a-f7df0188991f",
                "type": "SystemAssigned"
              }
            ],
            "location": "uksouth",
            "metadata": "{\"createdBy\":\"9befd6c9-0d93-4c85-bb74-c1c33f24767a\",\"createdOn\":\"2022-10-11T15:58:55.8092342Z\",\"updatedBy\":null,\"updatedOn\":null}",
            "name": "all-vm-asr",
            "non_compliance_message": [],
            "not_scopes": null,
            "parameters": "{\"cacheStorageAccountId\":{\"value\":\"/subscriptions/e214bc97-a738-4d9b-9671-8444a7e1a720/resourceGroups/Spoke/providers/Microsoft.Storage/storageAccounts/sacuksnprdii0001\"},\"effect\":{\"value\":\"DeployIfNotExists\"},\"recoveryNetworkId\":{\"value\":\"/subscriptions/e214bc97-a738-4d9b-9671-8444a7e1a720/resourceGroups/Spoke-ASR/providers/Microsoft.Network/virtualNetworks/Spoke-ASR-VNET\"},\"sourceRegion\":{\"value\":\"uksouth\"},\"targetRegion\":{\"value\":\"ukwest\"},\"targetResourceGroupId\":{\"value\":\"/subscriptions/e214bc97-a738-4d9b-9671-8444a7e1a720/resourceGroups/Spoke-ASR\"},\"vaultId\":{\"value\":\"/subscriptions/e214bc97-a738-4d9b-9671-8444a7e1a720/resourceGroups/Spoke-ASR/providers/Microsoft.RecoveryServices/vaults/RSV-UKW-DR\"},\"vaultResourceGroupId\":{\"value\":\"/subscriptions/e214bc97-a738-4d9b-9671-8444a7e1a720/resourceGroups/Spoke-ASR\"}}",
            "policy_definition_id": "/providers/Microsoft.Authorization/policyDefinitions/ac34a73f-9fa5-4067-9247-a3ecae514468",
            "resource_group_id": "/subscriptions/e214bc97-a738-4d9b-9671-8444a7e1a720/resourceGroups/Spoke",
            "timeouts": null
          },
          "sensitive_attributes": [],
          "private": "eyJlMmJmYjczMC1lY2FhLTExZTYtOGY4OC0zNDM2M2JjN2M0YzAiOnsiY3JlYXRlIjoxODAwMDAwMDAwMDAwLCJkZWxldGUiOjE4MDAwMDAwMDAwMDAsInJlYWQiOjMwMDAwMDAwMDAwMCwidXBkYXRlIjoxODAwMDAwMDAwMDAwfX0=",
          "dependencies": [
            "azurerm_site_recovery_replication_policy.asr-policy",
            "azurerm_storage_account.spokestorage"
          ]
        }
      ]
    },
    {
      "mode": "managed",
      "type": "azurerm_resource_group_policy_remediation",
      "name": "allvms-remediate",
      "provider": "provider[\"registry.terraform.io/hashicorp/azurerm\"]",
      "instances": [
        {
          "schema_version": 0,
          "attributes": {
            "failure_percentage": null,
            "id": "/subscriptions/e214bc97-a738-4d9b-9671-8444a7e1a720/resourceGroups/Spoke/providers/Microsoft.PolicyInsights/remediations/asr-policy-remediation",
            "location_filters": [
              "uksouth"
            ],
            "name": "asr-policy-remediation",
            "parallel_deployments": 0,
            "policy_assignment_id": "/subscriptions/e214bc97-a738-4d9b-9671-8444a7e1a720/resourcegroups/spoke/providers/microsoft.authorization/policyassignments/all-vm-asr",
            "policy_definition_id": null,
            "policy_definition_reference_id": "",
            "resource_count": 0,
            "resource_discovery_mode": "ExistingNonCompliant",
            "resource_group_id": "/subscriptions/e214bc97-a738-4d9b-9671-8444a7e1a720/resourceGroups/Spoke",
            "timeouts": null
          },
          "sensitive_attributes": [],
          "private": "eyJlMmJmYjczMC1lY2FhLTExZTYtOGY4OC0zNDM2M2JjN2M0YzAiOnsiY3JlYXRlIjoxODAwMDAwMDAwMDAwLCJkZWxldGUiOjE4MDAwMDAwMDAwMDAsInJlYWQiOjMwMDAwMDAwMDAwMCwidXBkYXRlIjoxODAwMDAwMDAwMDAwfX0=",
          "dependencies": [
            "azurerm_resource_group_policy_assignment.allvms",
            "azurerm_role_assignment.roleAssignementLogAnalyticsContributor",
            "azurerm_role_assignment.roleAssignementLogAnalyticsContributor1",
            "azurerm_site_recovery_replication_policy.asr-policy",
            "azurerm_storage_account.spokestorage"
          ]
        }
      ]
    },
    {
      "mode": "managed",
      "type": "azurerm_role_assignment",
      "name": "roleAssignementLogAnalyticsContributor",
      "provider": "provider[\"registry.terraform.io/hashicorp/azurerm\"]",
      "instances": [
        {
          "schema_version": 0,
          "attributes": {
            "condition": "",
            "condition_version": "",
            "delegated_managed_identity_resource_id": "",
            "description": "",
            "id": "/subscriptions/e214bc97-a738-4d9b-9671-8444a7e1a720/resourceGroups/Spoke-ASR/providers/Microsoft.Authorization/roleAssignments/92764836-3385-1813-eff7-291f90113c75",
            "name": "92764836-3385-1813-eff7-291f90113c75",
            "principal_id": "f2b4fc00-ca9d-46d3-aea9-3647ea974b96",
            "principal_type": "ServicePrincipal",
            "role_definition_id": "/subscriptions/e214bc97-a738-4d9b-9671-8444a7e1a720/providers/Microsoft.Authorization/roleDefinitions/b24988ac-6180-42a0-ab88-20f7382dd24c",
            "role_definition_name": "Contributor",
            "scope": "/subscriptions/e214bc97-a738-4d9b-9671-8444a7e1a720/resourceGroups/Spoke-ASR",
            "skip_service_principal_aad_check": null,
            "timeouts": null
          },
          "sensitive_attributes": [],
          "private": "eyJlMmJmYjczMC1lY2FhLTExZTYtOGY4OC0zNDM2M2JjN2M0YzAiOnsiY3JlYXRlIjoxODAwMDAwMDAwMDAwLCJkZWxldGUiOjE4MDAwMDAwMDAwMDAsInJlYWQiOjMwMDAwMDAwMDAwMCwidXBkYXRlIjoxODAwMDAwMDAwMDAwfX0=",
          "dependencies": [
            "azurerm_resource_group_policy_assignment.allvms",
            "azurerm_site_recovery_replication_policy.asr-policy",
            "azurerm_storage_account.spokestorage"
          ]
        }
      ]
    },
    {
      "mode": "managed",
      "type": "azurerm_role_assignment",
      "name": "roleAssignementLogAnalyticsContributor1",
      "provider": "provider[\"registry.terraform.io/hashicorp/azurerm\"]",
      "instances": [
        {
          "schema_version": 0,
          "attributes": {
            "condition": "",
            "condition_version": "",
            "delegated_managed_identity_resource_id": "",
            "description": "",
            "id": "/subscriptions/e214bc97-a738-4d9b-9671-8444a7e1a720/resourceGroups/Spoke/providers/Microsoft.Authorization/roleAssignments/63f3cee2-2edb-9a92-5aba-b8a742bfdae4",
            "name": "63f3cee2-2edb-9a92-5aba-b8a742bfdae4",
            "principal_id": "f2b4fc00-ca9d-46d3-aea9-3647ea974b96",
            "principal_type": "ServicePrincipal",
            "role_definition_id": "/subscriptions/e214bc97-a738-4d9b-9671-8444a7e1a720/providers/Microsoft.Authorization/roleDefinitions/92aaf0da-9dab-42b6-94a3-d43ce8d16293",
            "role_definition_name": "Log Analytics Contributor",
            "scope": "/subscriptions/e214bc97-a738-4d9b-9671-8444a7e1a720/resourceGroups/Spoke",
            "skip_service_principal_aad_check": null,
            "timeouts": null
          },
          "sensitive_attributes": [],
          "private": "eyJlMmJmYjczMC1lY2FhLTExZTYtOGY4OC0zNDM2M2JjN2M0YzAiOnsiY3JlYXRlIjoxODAwMDAwMDAwMDAwLCJkZWxldGUiOjE4MDAwMDAwMDAwMDAsInJlYWQiOjMwMDAwMDAwMDAwMCwidXBkYXRlIjoxODAwMDAwMDAwMDAwfX0=",
          "dependencies": [
            "azurerm_resource_group_policy_assignment.allvms",
            "azurerm_site_recovery_replication_policy.asr-policy",
            "azurerm_storage_account.spokestorage"
          ]
        }
      ]
    },
    {
      "mode": "managed",
      "type": "azurerm_site_recovery_replication_policy",
      "name": "asr-policy",
      "provider": "provider[\"registry.terraform.io/hashicorp/azurerm\"]",
      "instances": [
        {
          "schema_version": 0,
          "attributes": {
            "application_consistent_snapshot_frequency_in_minutes": 720,
            "id": "/subscriptions/e214bc97-a738-4d9b-9671-8444a7e1a720/resourceGroups/Spoke-ASR/providers/Microsoft.RecoveryServices/vaults/RSV-UKW-DR/replicationPolicies/asr-policy",
            "name": "asr-policy",
            "recovery_point_retention_in_minutes": 10080,
            "recovery_vault_name": "RSV-UKW-DR",
            "resource_group_name": "Spoke-ASR",
            "timeouts": null
          },
          "sensitive_attributes": [],
          "private": "eyJlMmJmYjczMC1lY2FhLTExZTYtOGY4OC0zNDM2M2JjN2M0YzAiOnsiY3JlYXRlIjoxODAwMDAwMDAwMDAwLCJkZWxldGUiOjE4MDAwMDAwMDAwMDAsInJlYWQiOjMwMDAwMDAwMDAwMCwidXBkYXRlIjoxODAwMDAwMDAwMDAwfX0=",
          "dependencies": [
            "azurerm_storage_account.spokestorage"
          ]
        }
      ]
    },
    {
      "mode": "managed",
      "type": "azurerm_storage_account",
      "name": "spokestorage",
      "provider": "provider[\"registry.terraform.io/hashicorp/azurerm\"]",
      "instances": [
        {
          "schema_version": 3,
          "attributes": {
            "access_tier": "Hot",
            "account_kind": "StorageV2",
            "account_replication_type": "GRS",
            "account_tier": "Standard",
            "allow_nested_items_to_be_public": true,
            "azure_files_authentication": [],
            "blob_properties": [
              {
                "change_feed_enabled": false,
                "change_feed_retention_in_days": 0,
                "container_delete_retention_policy": [],
                "cors_rule": [],
                "default_service_version": "",
                "delete_retention_policy": [],
                "last_access_time_enabled": false,
                "versioning_enabled": false
              }
            ],
            "cross_tenant_replication_enabled": true,
            "custom_domain": [],
            "customer_managed_key": [],
            "default_to_oauth_authentication": false,
            "edge_zone": "",
            "enable_https_traffic_only": true,
            "id": "/subscriptions/e214bc97-a738-4d9b-9671-8444a7e1a720/resourceGroups/Spoke/providers/Microsoft.Storage/storageAccounts/sacuksnprdii0001",
            "identity": [],
            "infrastructure_encryption_enabled": false,
            "is_hns_enabled": false,
            "large_file_share_enabled": null,
            "location": "uksouth",
            "min_tls_version": "TLS1_2",
            "name": "sacuksnprdii0001",
            "network_rules": [
              {
                "bypass": [
                  "AzureServices"
                ],
                "default_action": "Allow",
                "ip_rules": [],
                "private_link_access": [],
                "virtual_network_subnet_ids": []
              }
            ],
            "nfsv3_enabled": false,
            "primary_access_key": "ZDNjOLYqlQ5dU2V0aZurivkSunxie/Ip3DueFBcQp0YQk74sAqM0RHvQpxn0o4tBFiNRAIlao+/8+ASt7cu02Q==",
            "primary_blob_connection_string": "DefaultEndpointsProtocol=https;BlobEndpoint=https://sacuksnprdii0001.blob.core.windows.net/;AccountName=sacuksnprdii0001;AccountKey=ZDNjOLYqlQ5dU2V0aZurivkSunxie/Ip3DueFBcQp0YQk74sAqM0RHvQpxn0o4tBFiNRAIlao+/8+ASt7cu02Q==",
            "primary_blob_endpoint": "https://sacuksnprdii0001.blob.core.windows.net/",
            "primary_blob_host": "sacuksnprdii0001.blob.core.windows.net",
            "primary_connection_string": "DefaultEndpointsProtocol=https;AccountName=sacuksnprdii0001;AccountKey=ZDNjOLYqlQ5dU2V0aZurivkSunxie/Ip3DueFBcQp0YQk74sAqM0RHvQpxn0o4tBFiNRAIlao+/8+ASt7cu02Q==;EndpointSuffix=core.windows.net",
            "primary_dfs_endpoint": "https://sacuksnprdii0001.dfs.core.windows.net/",
            "primary_dfs_host": "sacuksnprdii0001.dfs.core.windows.net",
            "primary_file_endpoint": "https://sacuksnprdii0001.file.core.windows.net/",
            "primary_file_host": "sacuksnprdii0001.file.core.windows.net",
            "primary_location": "uksouth",
            "primary_queue_endpoint": "https://sacuksnprdii0001.queue.core.windows.net/",
            "primary_queue_host": "sacuksnprdii0001.queue.core.windows.net",
            "primary_table_endpoint": "https://sacuksnprdii0001.table.core.windows.net/",
            "primary_table_host": "sacuksnprdii0001.table.core.windows.net",
            "primary_web_endpoint": "https://sacuksnprdii0001.z33.web.core.windows.net/",
            "primary_web_host": "sacuksnprdii0001.z33.web.core.windows.net",
            "public_network_access_enabled": true,
            "queue_encryption_key_type": "Service",
            "queue_properties": [
              {
                "cors_rule": [],
                "hour_metrics": [
                  {
                    "enabled": true,
                    "include_apis": true,
                    "retention_policy_days": 7,
                    "version": "1.0"
                  }
                ],
                "logging": [
                  {
                    "delete": false,
                    "read": false,
                    "retention_policy_days": 0,
                    "version": "1.0",
                    "write": false
                  }
                ],
                "minute_metrics": [
                  {
                    "enabled": false,
                    "include_apis": false,
                    "retention_policy_days": 0,
                    "version": "1.0"
                  }
                ]
              }
            ],
            "resource_group_name": "Spoke",
            "routing": [],
            "secondary_access_key": "4YlKhYMdT+4millDb9AgZ3kPtcO5WqqV+23APQ7CsNZYgMKm+gQxTlTphdKXnY0PRVKObixx+E9E+AStxrj4Sg==",
            "secondary_blob_connection_string": "",
            "secondary_blob_endpoint": null,
            "secondary_blob_host": null,
            "secondary_connection_string": "DefaultEndpointsProtocol=https;AccountName=sacuksnprdii0001;AccountKey=4YlKhYMdT+4millDb9AgZ3kPtcO5WqqV+23APQ7CsNZYgMKm+gQxTlTphdKXnY0PRVKObixx+E9E+AStxrj4Sg==;EndpointSuffix=core.windows.net",
            "secondary_dfs_endpoint": null,
            "secondary_dfs_host": null,
            "secondary_file_endpoint": null,
            "secondary_file_host": null,
            "secondary_location": "ukwest",
            "secondary_queue_endpoint": null,
            "secondary_queue_host": null,
            "secondary_table_endpoint": null,
            "secondary_table_host": null,
            "secondary_web_endpoint": null,
            "secondary_web_host": null,
            "share_properties": [
              {
                "cors_rule": [],
                "retention_policy": [
                  {
                    "days": 7
                  }
                ],
                "smb": []
              }
            ],
            "shared_access_key_enabled": true,
            "static_website": [],
            "table_encryption_key_type": "Service",
            "tags": null,
            "timeouts": null
          },
          "sensitive_attributes": [],
          "private": "eyJlMmJmYjczMC1lY2FhLTExZTYtOGY4OC0zNDM2M2JjN2M0YzAiOnsiY3JlYXRlIjozNjAwMDAwMDAwMDAwLCJkZWxldGUiOjM2MDAwMDAwMDAwMDAsInJlYWQiOjMwMDAwMDAwMDAwMCwidXBkYXRlIjozNjAwMDAwMDAwMDAwfSwic2NoZW1hX3ZlcnNpb24iOiIzIn0="
        }
      ]
    }
  ],
  "check_results": []
}
