{
  "version": 4,
  "terraform_version": "1.3.2",
  "serial": 39,
  "lineage": "1ad4ffbb-db6c-670f-7f4c-f321e393a687",
  "outputs": {
    "resource_group_name": {
      "value": "",
      "type": "string"
    }
  },
  "resources": [
    {
      "mode": "managed",
      "type": "azurerm_resource_group_policy_assignment",
      "name": "allvms",
      "provider": "provider[\"registry.terraform.io/hashicorp/azurerm\"]",
      "instances": [
        {
          "schema_version": 0,
          "attributes": {
            "description": "Virtual machines without disaster recovery configurations are vulnerable to outages and other disruptions. If the virtual machine does not already have disaster recovery configured, this would initiate the same by enabling replication using preset configurations to facilitate business continuity.  You can optionally include/exclude virtual machines containing a specified tag to control the scope of assignment. To learn more about disaster recovery, visit https://aka.ms/asr-doc.",
            "display_name": "Configure ASR for all VMs in the scope",
            "enforce": true,
            "id": "/subscriptions/e214bc97-a738-4d9b-9671-8444a7e1a720/resourceGroups/BermudaRG/providers/Microsoft.Authorization/policyAssignments/all-vm-asr",
            "identity": [
              {
                "identity_ids": [],
                "principal_id": "223559c1-c307-4d83-b37f-81bb5ddf8e16",
                "tenant_id": "87f8dbf6-2fd6-4cd9-9f2a-f7df0188991f",
                "type": "SystemAssigned"
              }
            ],
            "location": "uksouth",
            "metadata": "{\"createdBy\":\"9befd6c9-0d93-4c85-bb74-c1c33f24767a\",\"createdOn\":\"2022-10-07T22:04:10.6585877Z\",\"updatedBy\":null,\"updatedOn\":null}",
            "name": "all-vm-asr",
            "non_compliance_message": [],
            "not_scopes": [],
            "parameters": "{\"cacheStorageAccountId\":{\"value\":\"/subscriptions/e214bc97-a738-4d9b-9671-8444a7e1a720/resourceGroups/BermudaRG/providers/Microsoft.Storage/storageAccounts/bermudastorageasr\"},\"effect\":{\"value\":\"DeployIfNotExists\"},\"recoveryNetworkId\":{\"value\":\"/subscriptions/e214bc97-a738-4d9b-9671-8444a7e1a720/resourceGroups/Bermuda-UKW/providers/Microsoft.Network/virtualNetworks/Bermuda-UKW-ASR\"},\"sourceRegion\":{\"value\":\"uksouth\"},\"targetRegion\":{\"value\":\"ukwest\"},\"targetResourceGroupId\":{\"value\":\"/subscriptions/e214bc97-a738-4d9b-9671-8444a7e1a720/resourceGroups/Bermuda-UKW\"},\"vaultId\":{\"value\":\"/subscriptions/e214bc97-a738-4d9b-9671-8444a7e1a720/resourceGroups/Spoke-UKW\"},\"vaultResourceGroupId\":{\"value\":\"/subscriptions/e214bc97-a738-4d9b-9671-8444a7e1a720/resourceGroups/Spoke-UKW\"}}",
            "policy_definition_id": "/providers/Microsoft.Authorization/policyDefinitions/ac34a73f-9fa5-4067-9247-a3ecae514468",
            "resource_group_id": "/subscriptions/e214bc97-a738-4d9b-9671-8444a7e1a720/resourceGroups/BermudaRG",
            "timeouts": null
          },
          "sensitive_attributes": [],
          "private": "eyJlMmJmYjczMC1lY2FhLTExZTYtOGY4OC0zNDM2M2JjN2M0YzAiOnsiY3JlYXRlIjoxODAwMDAwMDAwMDAwLCJkZWxldGUiOjE4MDAwMDAwMDAwMDAsInJlYWQiOjMwMDAwMDAwMDAwMCwidXBkYXRlIjoxODAwMDAwMDAwMDAwfX0="
        }
      ]
    },
    {
      "mode": "managed",
      "type": "azurerm_resource_group_policy_remediation",
      "name": "allvms-remediate",
      "provider": "provider[\"registry.terraform.io/hashicorp/azurerm\"]",
      "instances": [
        {
          "schema_version": 0,
          "attributes": {
            "failure_percentage": null,
            "id": "/subscriptions/e214bc97-a738-4d9b-9671-8444a7e1a720/resourceGroups/BermudaRG/providers/Microsoft.PolicyInsights/remediations/asr-policy-remediation",
            "location_filters": [
              "uksouth"
            ],
            "name": "asr-policy-remediation",
            "parallel_deployments": 0,
            "policy_assignment_id": "/subscriptions/e214bc97-a738-4d9b-9671-8444a7e1a720/resourcegroups/bermudarg/providers/microsoft.authorization/policyassignments/all-vm-asr",
            "policy_definition_id": null,
            "policy_definition_reference_id": "",
            "resource_count": 0,
            "resource_discovery_mode": "ExistingNonCompliant",
            "resource_group_id": "/subscriptions/e214bc97-a738-4d9b-9671-8444a7e1a720/resourceGroups/BermudaRG",
            "timeouts": null
          },
          "sensitive_attributes": [],
          "private": "eyJlMmJmYjczMC1lY2FhLTExZTYtOGY4OC0zNDM2M2JjN2M0YzAiOnsiY3JlYXRlIjoxODAwMDAwMDAwMDAwLCJkZWxldGUiOjE4MDAwMDAwMDAwMDAsInJlYWQiOjMwMDAwMDAwMDAwMCwidXBkYXRlIjoxODAwMDAwMDAwMDAwfX0=",
          "dependencies": [
            "azurerm_resource_group_policy_assignment.allvms",
            "azurerm_role_assignment.roleAssignementLogAnalyticsContributor",
            "azurerm_role_assignment.roleAssignementLogAnalyticsContributor1",
            "azurerm_role_assignment.roleAssignementLogAnalyticsContributor2"
          ]
        }
      ]
    },
    {
      "mode": "managed",
      "type": "azurerm_role_assignment",
      "name": "roleAssignementLogAnalyticsContributor",
      "provider": "provider[\"registry.terraform.io/hashicorp/azurerm\"]",
      "instances": [
        {
          "schema_version": 0,
          "attributes": {
            "condition": "",
            "condition_version": "",
            "delegated_managed_identity_resource_id": "",
            "description": "",
            "id": "/subscriptions/e214bc97-a738-4d9b-9671-8444a7e1a720/resourceGroups/Spoke-UKW/providers/Microsoft.Authorization/roleAssignments/e35020aa-c11e-0c03-5558-564dbe8a5d50",
            "name": "e35020aa-c11e-0c03-5558-564dbe8a5d50",
            "principal_id": "223559c1-c307-4d83-b37f-81bb5ddf8e16",
            "principal_type": "ServicePrincipal",
            "role_definition_id": "/subscriptions/e214bc97-a738-4d9b-9671-8444a7e1a720/providers/Microsoft.Authorization/roleDefinitions/b24988ac-6180-42a0-ab88-20f7382dd24c",
            "role_definition_name": "Contributor",
            "scope": "/subscriptions/e214bc97-a738-4d9b-9671-8444a7e1a720/resourceGroups/Spoke-UKW",
            "skip_service_principal_aad_check": null,
            "timeouts": null
          },
          "sensitive_attributes": [],
          "private": "eyJlMmJmYjczMC1lY2FhLTExZTYtOGY4OC0zNDM2M2JjN2M0YzAiOnsiY3JlYXRlIjoxODAwMDAwMDAwMDAwLCJkZWxldGUiOjE4MDAwMDAwMDAwMDAsInJlYWQiOjMwMDAwMDAwMDAwMCwidXBkYXRlIjoxODAwMDAwMDAwMDAwfX0=",
          "dependencies": [
            "azurerm_resource_group_policy_assignment.allvms"
          ]
        }
      ]
    },
    {
      "mode": "managed",
      "type": "azurerm_role_assignment",
      "name": "roleAssignementLogAnalyticsContributor1",
      "provider": "provider[\"registry.terraform.io/hashicorp/azurerm\"]",
      "instances": [
        {
          "schema_version": 0,
          "attributes": {
            "condition": "",
            "condition_version": "",
            "delegated_managed_identity_resource_id": "",
            "description": "",
            "id": "/subscriptions/e214bc97-a738-4d9b-9671-8444a7e1a720/resourceGroups/BermudaRG/providers/Microsoft.Authorization/roleAssignments/18723438-d462-c4cf-ca00-2b2f3920c118",
            "name": "18723438-d462-c4cf-ca00-2b2f3920c118",
            "principal_id": "223559c1-c307-4d83-b37f-81bb5ddf8e16",
            "principal_type": "ServicePrincipal",
            "role_definition_id": "/subscriptions/e214bc97-a738-4d9b-9671-8444a7e1a720/providers/Microsoft.Authorization/roleDefinitions/92aaf0da-9dab-42b6-94a3-d43ce8d16293",
            "role_definition_name": "Log Analytics Contributor",
            "scope": "/subscriptions/e214bc97-a738-4d9b-9671-8444a7e1a720/resourceGroups/BermudaRG",
            "skip_service_principal_aad_check": null,
            "timeouts": null
          },
          "sensitive_attributes": [],
          "private": "eyJlMmJmYjczMC1lY2FhLTExZTYtOGY4OC0zNDM2M2JjN2M0YzAiOnsiY3JlYXRlIjoxODAwMDAwMDAwMDAwLCJkZWxldGUiOjE4MDAwMDAwMDAwMDAsInJlYWQiOjMwMDAwMDAwMDAwMCwidXBkYXRlIjoxODAwMDAwMDAwMDAwfX0=",
          "dependencies": [
            "azurerm_resource_group_policy_assignment.allvms"
          ]
        }
      ]
    },
    {
      "mode": "managed",
      "type": "azurerm_role_assignment",
      "name": "roleAssignementLogAnalyticsContributor2",
      "provider": "provider[\"registry.terraform.io/hashicorp/azurerm\"]",
      "instances": [
        {
          "schema_version": 0,
          "attributes": {
            "condition": "",
            "condition_version": "",
            "delegated_managed_identity_resource_id": "",
            "description": "",
            "id": "/subscriptions/e214bc97-a738-4d9b-9671-8444a7e1a720/resourceGroups/Bermuda-UKW/providers/Microsoft.Authorization/roleAssignments/fbfb99f5-524e-f0dd-830a-eb1c4bb2c502",
            "name": "fbfb99f5-524e-f0dd-830a-eb1c4bb2c502",
            "principal_id": "223559c1-c307-4d83-b37f-81bb5ddf8e16",
            "principal_type": "ServicePrincipal",
            "role_definition_id": "/subscriptions/e214bc97-a738-4d9b-9671-8444a7e1a720/providers/Microsoft.Authorization/roleDefinitions/b24988ac-6180-42a0-ab88-20f7382dd24c",
            "role_definition_name": "Contributor",
            "scope": "/subscriptions/e214bc97-a738-4d9b-9671-8444a7e1a720/resourceGroups/Bermuda-UKW",
            "skip_service_principal_aad_check": null,
            "timeouts": null
          },
          "sensitive_attributes": [],
          "private": "eyJlMmJmYjczMC1lY2FhLTExZTYtOGY4OC0zNDM2M2JjN2M0YzAiOnsiY3JlYXRlIjoxODAwMDAwMDAwMDAwLCJkZWxldGUiOjE4MDAwMDAwMDAwMDAsInJlYWQiOjMwMDAwMDAwMDAwMCwidXBkYXRlIjoxODAwMDAwMDAwMDAwfX0=",
          "dependencies": [
            "azurerm_resource_group_policy_assignment.allvms"
          ]
        }
      ]
    }
  ],
  "check_results": []
}
